// !$*UTF8*$!
{
	archiveVersion = 1;
	classes = {
	};
	objectVersion = 56;
	objects = {

/* Begin PBXBuildFile section */
		044C2C4A2A72889E004A6325 /* BrightnessSettingApp.swift in Sources */ = {isa = PBXBuildFile; fileRef = 044C2C492A72889E004A6325 /* BrightnessSettingApp.swift */; };
		044C2C4C2A72889E004A6325 /* ContentView.swift in Sources */ = {isa = PBXBuildFile; fileRef = 044C2C4B2A72889E004A6325 /* ContentView.swift */; };
		044C2C4E2A7288A0004A6325 /* Assets.xcassets in Resources */ = {isa = PBXBuildFile; fileRef = 044C2C4D2A7288A0004A6325 /* Assets.xcassets */; };
		044C2C512A7288A0004A6325 /* Preview Assets.xcassets in Resources */ = {isa = PBXBuildFile; fileRef = 044C2C502A7288A0004A6325 /* Preview Assets.xcassets */; };
		045ECC572A72DCFE00233115 /* Brightness.swift in Sources */ = {isa = PBXBuildFile; fileRef = 045ECC562A72DCFE00233115 /* Brightness.swift */; };
		045ECC5C2A72E02200233115 /* Alloy in Frameworks */ = {isa = PBXBuildFile; productRef = 045ECC5B2A72E02200233115 /* Alloy */; };
		045ECC5E2A72E04400233115 /* ViewModel.swift in Sources */ = {isa = PBXBuildFile; fileRef = 045ECC5D2A72E04400233115 /* ViewModel.swift */; };
		045ECC602A72E0DE00233115 /* Shaders.metal in Sources */ = {isa = PBXBuildFile; fileRef = 045ECC5F2A72E0DE00233115 /* Shaders.metal */; };
/* End PBXBuildFile section */

/* Begin PBXFileReference section */
		044C2C462A72889E004A6325 /* BrightnessSetting.app */ = {isa = PBXFileReference; explicitFileType = wrapper.application; includeInIndex = 0; path = BrightnessSetting.app; sourceTree = BUILT_PRODUCTS_DIR; };
		044C2C492A72889E004A6325 /* BrightnessSettingApp.swift */ = {isa = PBXFileReference; lastKnownFileType = sourcecode.swift; path = BrightnessSettingApp.swift; sourceTree = "<group>"; };
		044C2C4B2A72889E004A6325 /* ContentView.swift */ = {isa = PBXFileReference; lastKnownFileType = sourcecode.swift; path = ContentView.swift; sourceTree = "<group>"; };
		044C2C4D2A7288A0004A6325 /* Assets.xcassets */ = {isa = PBXFileReference; lastKnownFileType = folder.assetcatalog; path = Assets.xcassets; sourceTree = "<group>"; };
		044C2C502A7288A0004A6325 /* Preview Assets.xcassets */ = {isa = PBXFileReference; lastKnownFileType = folder.assetcatalog; path = "Preview Assets.xcassets"; sourceTree = "<group>"; };
		045ECC562A72DCFE00233115 /* Brightness.swift */ = {isa = PBXFileReference; lastKnownFileType = sourcecode.swift; path = Brightness.swift; sourceTree = "<group>"; };
		045ECC5D2A72E04400233115 /* ViewModel.swift */ = {isa = PBXFileReference; lastKnownFileType = sourcecode.swift; path = ViewModel.swift; sourceTree = "<group>"; };
		045ECC5F2A72E0DE00233115 /* Shaders.metal */ = {isa = PBXFileReference; lastKnownFileType = sourcecode.metal; path = Shaders.metal; sourceTree = "<group>"; };
/* End PBXFileReference section */

/* Begin PBXFrameworksBuildPhase section */
		044C2C432A72889E004A6325 /* Frameworks */ = {
			isa = PBXFrameworksBuildPhase;
			buildActionMask = 2147483647;
			files = (
				045ECC5C2A72E02200233115 /* Alloy in Frameworks */,
			);
			runOnlyForDeploymentPostprocessing = 0;
		};
/* End PBXFrameworksBuildPhase section */

/* Begin PBXGroup section */
		044C2C3D2A72889E004A6325 = {
			isa = PBXGroup;
			children = (
				044C2C482A72889E004A6325 /* BrightnessSetting */,
				044C2C472A72889E004A6325 /* Products */,
			);
			sourceTree = "<group>";
		};
		044C2C472A72889E004A6325 /* Products */ = {
			isa = PBXGroup;
			children = (
				044C2C462A72889E004A6325 /* BrightnessSetting.app */,
			);
			name = Products;
			sourceTree = "<group>";
		};
		044C2C482A72889E004A6325 /* BrightnessSetting */ = {
			isa = PBXGroup;
			children = (
				044C2C492A72889E004A6325 /* BrightnessSettingApp.swift */,
				044C2C4B2A72889E004A6325 /* ContentView.swift */,
				045ECC5D2A72E04400233115 /* ViewModel.swift */,
				045ECC562A72DCFE00233115 /* Brightness.swift */,
				044C2C4D2A7288A0004A6325 /* Assets.xcassets */,
				044C2C4F2A7288A0004A6325 /* Preview Content */,
				045ECC5F2A72E0DE00233115 /* Shaders.metal */,
			);
			path = BrightnessSetting;
			sourceTree = "<group>";
		};
		044C2C4F2A7288A0004A6325 /* Preview Content */ = {
			isa = PBXGroup;
			children = (
				044C2C502A7288A0004A6325 /* Preview Assets.xcassets */,
			);
			path = "Preview Content";
			sourceTree = "<group>";
		};
/* End PBXGroup section */

/* Begin PBXNativeTarget section */
		044C2C452A72889E004A6325 /* BrightnessSetting */ = {
			isa = PBXNativeTarget;
			buildConfigurationList = 044C2C542A7288A0004A6325 /* Build configuration list for PBXNativeTarget "BrightnessSetting" */;
			buildPhases = (
				044C2C422A72889E004A6325 /* Sources */,
				044C2C432A72889E004A6325 /* Frameworks */,
				044C2C442A72889E004A6325 /* Resources */,
			);
			buildRules = (
			);
			dependencies = (
			);
			name = BrightnessSetting;
			packageProductDependencies = (
				045ECC5B2A72E02200233115 /* Alloy */,
			);
			productName = BrightnessSetting;
			productReference = 044C2C462A72889E004A6325 /* BrightnessSetting.app */;
			productType = "com.apple.product-type.application";
		};
/* End PBXNativeTarget section */

/* Begin PBXProject section */
		044C2C3E2A72889E004A6325 /* Project object */ = {
			isa = PBXProject;
			attributes = {
				BuildIndependentTargetsInParallel = 1;
				LastSwiftUpdateCheck = 1430;
				LastUpgradeCheck = 1430;
				TargetAttributes = {
					044C2C452A72889E004A6325 = {
						CreatedOnToolsVersion = 14.3.1;
					};
				};
			};
			buildConfigurationList = 044C2C412A72889E004A6325 /* Build configuration list for PBXProject "BrightnessSetting" */;
			compatibilityVersion = "Xcode 14.0";
			developmentRegion = en;
			hasScannedForEncodings = 0;
			knownRegions = (
				en,
				Base,
			);
			mainGroup = 044C2C3D2A72889E004A6325;
			packageReferences = (
				045ECC5A2A72E02200233115 /* XCRemoteSwiftPackageReference "Alloy" */,
			);
			productRefGroup = 044C2C472A72889E004A6325 /* Products */;
			projectDirPath = "";
			projectRoot = "";
			targets = (
				044C2C452A72889E004A6325 /* BrightnessSetting */,
			);
		};
/* End PBXProject section */

/* Begin PBXResourcesBuildPhase section */
		044C2C442A72889E004A6325 /* Resources */ = {
			isa = PBXResourcesBuildPhase;
			buildActionMask = 2147483647;
			files = (
				044C2C512A7288A0004A6325 /* Preview Assets.xcassets in Resources */,
				044C2C4E2A7288A0004A6325 /* Assets.xcassets in Resources */,
			);
			runOnlyForDeploymentPostprocessing = 0;
		};
/* End PBXResourcesBuildPhase section */

/* Begin PBXSourcesBuildPhase section */
		044C2C422A72889E004A6325 /* Sources */ = {
			isa = PBXSourcesBuildPhase;
			buildActionMask = 2147483647;
			files = (
				044C2C4C2A72889E004A6325 /* ContentView.swift in Sources */,
				045ECC572A72DCFE00233115 /* Brightness.swift in Sources */,
				045ECC5E2A72E04400233115 /* ViewModel.swift in Sources */,
				044C2C4A2A72889E004A6325 /* BrightnessSettingApp.swift in Sources */,
				045ECC602A72E0DE00233115 /* Shaders.metal in Sources */,
			);
			runOnlyForDeploymentPostprocessing = 0;
		};
/* End PBXSourcesBuildPhase section */

/* Begin XCBuildConfiguration section */
		044C2C522A7288A0004A6325 /* Debug */ = {
			isa = XCBuildConfiguration;
			buildSettings = {
				ALWAYS_SEARCH_USER_PATHS = NO;
				CLANG_ANALYZER_NONNULL = YES;
				CLANG_ANALYZER_NUMBER_OBJECT_CONVERSION = YES_AGGRESSIVE;
				CLANG_CXX_LANGUAGE_STANDARD = "gnu++20";
				CLANG_ENABLE_MODULES = YES;
				CLANG_ENABLE_OBJC_ARC = YES;
				CLANG_ENABLE_OBJC_WEAK = YES;
				CLANG_WARN_BLOCK_CAPTURE_AUTORELEASING = YES;
				CLANG_WARN_BOOL_CONVERSION = YES;
				CLANG_WARN_COMMA = YES;
				CLANG_WARN_CONSTANT_CONVERSION = YES;
				CLANG_WARN_DEPRECATED_OBJC_IMPLEMENTATIONS = YES;
				CLANG_WARN_DIRECT_OBJC_ISA_USAGE = YES_ERROR;
				CLANG_WARN_DOCUMENTATION_COMMENTS = YES;
				CLANG_WARN_EMPTY_BODY = YES;
				CLANG_WARN_ENUM_CONVERSION = YES;
				CLANG_WARN_INFINITE_RECURSION = YES;
				CLANG_WARN_INT_CONVERSION = YES;
				CLANG_WARN_NON_LITERAL_NULL_CONVERSION = YES;
				CLANG_WARN_OBJC_IMPLICIT_RETAIN_SELF = YES;
				CLANG_WARN_OBJC_LITERAL_CONVERSION = YES;
				CLANG_WARN_OBJC_ROOT_CLASS = YES_ERROR;
				CLANG_WARN_QUOTED_INCLUDE_IN_FRAMEWORK_HEADER = YES;
				CLANG_WARN_RANGE_LOOP_ANALYSIS = YES;
				CLANG_WARN_STRICT_PROTOTYPES = YES;
				CLANG_WARN_SUSPICIOUS_MOVE = YES;
				CLANG_WARN_UNGUARDED_AVAILABILITY = YES_AGGRESSIVE;
				CLANG_WARN_UNREACHABLE_CODE = YES;
				CLANG_WARN__DUPLICATE_METHOD_MATCH = YES;
				COPY_PHASE_STRIP = NO;
				DEBUG_INFORMATION_FORMAT = dwarf;
				ENABLE_STRICT_OBJC_MSGSEND = YES;
				ENABLE_TESTABILITY = YES;
				GCC_C_LANGUAGE_STANDARD = gnu11;
				GCC_DYNAMIC_NO_PIC = NO;
				GCC_NO_COMMON_BLOCKS = YES;
				GCC_OPTIMIZATION_LEVEL = 0;
				GCC_PREPROCESSOR_DEFINITIONS = (
					"DEBUG=1",
					"$(inherited)",
				);
				GCC_WARN_64_TO_32_BIT_CONVERSION = YES;
				GCC_WARN_ABOUT_RETURN_TYPE = YES_ERROR;
				GCC_WARN_UNDECLARED_SELECTOR = YES;
				GCC_WARN_UNINITIALIZED_AUTOS = YES_AGGRESSIVE;
				GCC_WARN_UNUSED_FUNCTION = YES;
				GCC_WARN_UNUSED_VARIABLE = YES;
				IPHONEOS_DEPLOYMENT_TARGET = 16.4;
				MTL_ENABLE_DEBUG_INFO = INCLUDE_SOURCE;
				MTL_FAST_MATH = YES;
				ONLY_ACTIVE_ARCH = YES;
				SDKROOT = iphoneos;
				SWIFT_ACTIVE_COMPILATION_CONDITIONS = DEBUG;
				SWIFT_OPTIMIZATION_LEVEL = "-Onone";
			};
			name = Debug;
		};
		044C2C532A7288A0004A6325 /* Release */ = {
			isa = XCBuildConfiguration;
			buildSettings = {
				ALWAYS_SEARCH_USER_PATHS = NO;
				CLANG_ANALYZER_NONNULL = YES;
				CLANG_ANALYZER_NUMBER_OBJECT_CONVERSION = YES_AGGRESSIVE;
				CLANG_CXX_LANGUAGE_STANDARD = "gnu++20";
				CLANG_ENABLE_MODULES = YES;
				CLANG_ENABLE_OBJC_ARC = YES;
				CLANG_ENABLE_OBJC_WEAK = YES;
				CLANG_WARN_BLOCK_CAPTURE_AUTORELEASING = YES;
				CLANG_WARN_BOOL_CONVERSION = YES;
				CLANG_WARN_COMMA = YES;
				CLANG_WARN_CONSTANT_CONVERSION = YES;
				CLANG_WARN_DEPRECATED_OBJC_IMPLEMENTATIONS = YES;
				CLANG_WARN_DIRECT_OBJC_ISA_USAGE = YES_ERROR;
				CLANG_WARN_DOCUMENTATION_COMMENTS = YES;
				CLANG_WARN_EMPTY_BODY = YES;
				CLANG_WARN_ENUM_CONVERSION = YES;
				CLANG_WARN_INFINITE_RECURSION = YES;
				CLANG_WARN_INT_CONVERSION = YES;
				CLANG_WARN_NON_LITERAL_NULL_CONVERSION = YES;
				CLANG_WARN_OBJC_IMPLICIT_RETAIN_SELF = YES;
				CLANG_WARN_OBJC_LITERAL_CONVERSION = YES;
				CLANG_WARN_OBJC_ROOT_CLASS = YES_ERROR;
				CLANG_WARN_QUOTED_INCLUDE_IN_FRAMEWORK_HEADER = YES;
				CLANG_WARN_RANGE_LOOP_ANALYSIS = YES;
				CLANG_WARN_STRICT_PROTOTYPES = YES;
				CLANG_WARN_SUSPICIOUS_MOVE = YES;
				CLANG_WARN_UNGUARDED_AVAILABILITY = YES_AGGRESSIVE;
				CLANG_WARN_UNREACHABLE_CODE = YES;
				CLANG_WARN__DUPLICATE_METHOD_MATCH = YES;
				COPY_PHASE_STRIP = NO;
				DEBUG_INFORMATION_FORMAT = "dwarf-with-dsym";
				ENABLE_NS_ASSERTIONS = NO;
				ENABLE_STRICT_OBJC_MSGSEND = YES;
				GCC_C_LANGUAGE_STANDARD = gnu11;
				GCC_NO_COMMON_BLOCKS = YES;
				GCC_WARN_64_TO_32_BIT_CONVERSION = YES;
				GCC_WARN_ABOUT_RETURN_TYPE = YES_ERROR;
				GCC_WARN_UNDECLARED_SELECTOR = YES;
				GCC_WARN_UNINITIALIZED_AUTOS = YES_AGGRESSIVE;
				GCC_WARN_UNUSED_FUNCTION = YES;
				GCC_WARN_UNUSED_VARIABLE = YES;
				IPHONEOS_DEPLOYMENT_TARGET = 16.4;
				MTL_ENABLE_DEBUG_INFO = NO;
				MTL_FAST_MATH = YES;
				SDKROOT = iphoneos;
				SWIFT_COMPILATION_MODE = wholemodule;
				SWIFT_OPTIMIZATION_LEVEL = "-O";
				VALIDATE_PRODUCT = YES;
			};
			name = Release;
		};
		044C2C552A7288A0004A6325 /* Debug */ = {
			isa = XCBuildConfiguration;
			buildSettings = {
				ASSETCATALOG_COMPILER_APPICON_NAME = AppIcon;
				ASSETCATALOG_COMPILER_GLOBAL_ACCENT_COLOR_NAME = AccentColor;
				CODE_SIGN_STYLE = Automatic;
				CURRENT_PROJECT_VERSION = 1;
				DEVELOPMENT_ASSET_PATHS = "\"BrightnessSetting/Preview Content\"";
				DEVELOPMENT_TEAM = 2X9NY5X2LZ;
				ENABLE_PREVIEWS = YES;
				GENERATE_INFOPLIST_FILE = YES;
				INFOPLIST_KEY_UIApplicationSceneManifest_Generation = YES;
				INFOPLIST_KEY_UIApplicationSupportsIndirectInputEvents = YES;
				INFOPLIST_KEY_UILaunchScreen_Generation = YES;
				INFOPLIST_KEY_UISupportedInterfaceOrientations = UIInterfaceOrientationPortrait;
				INFOPLIST_KEY_UISupportedInterfaceOrientations_iPad = "UIInterfaceOrientationPortrait UIInterfaceOrientationPortraitUpsideDown";
				IPHONEOS_DEPLOYMENT_TARGET = 16.0;
				LD_RUNPATH_SEARCH_PATHS = (
					"$(inherited)",
					"@executable_path/Frameworks",
				);
				MARKETING_VERSION = 1.0;
				PRODUCT_BUNDLE_IDENTIFIER = com.test.BrightnessSetting;
				PRODUCT_NAME = "$(TARGET_NAME)";
				SUPPORTED_PLATFORMS = "iphoneos iphonesimulator";
				SUPPORTS_MACCATALYST = NO;
				SUPPORTS_MAC_DESIGNED_FOR_IPHONE_IPAD = NO;
				SWIFT_EMIT_LOC_STRINGS = YES;
				SWIFT_VERSION = 5.0;
				TARGETED_DEVICE_FAMILY = "1,2";
			};
			name = Debug;
		};
		044C2C562A7288A0004A6325 /* Release */ = {
			isa = XCBuildConfiguration;
			buildSettings = {
				ASSETCATALOG_COMPILER_APPICON_NAME = AppIcon;
				ASSETCATALOG_COMPILER_GLOBAL_ACCENT_COLOR_NAME = AccentColor;
				CODE_SIGN_STYLE = Automatic;
				CURRENT_PROJECT_VERSION = 1;
				DEVELOPMENT_ASSET_PATHS = "\"BrightnessSetting/Preview Content\"";
				DEVELOPMENT_TEAM = 2X9NY5X2LZ;
				ENABLE_PREVIEWS = YES;
				GENERATE_INFOPLIST_FILE = YES;
				INFOPLIST_KEY_UIApplicationSceneManifest_Generation = YES;
				INFOPLIST_KEY_UIApplicationSupportsIndirectInputEvents = YES;
				INFOPLIST_KEY_UILaunchScreen_Generation = YES;
				INFOPLIST_KEY_UISupportedInterfaceOrientations = UIInterfaceOrientationPortrait;
				INFOPLIST_KEY_UISupportedInterfaceOrientations_iPad = "UIInterfaceOrientationPortrait UIInterfaceOrientationPortraitUpsideDown";
				IPHONEOS_DEPLOYMENT_TARGET = 16.0;
				LD_RUNPATH_SEARCH_PATHS = (
					"$(inherited)",
					"@executable_path/Frameworks",
				);
				MARKETING_VERSION = 1.0;
				PRODUCT_BUNDLE_IDENTIFIER = com.test.BrightnessSetting;
				PRODUCT_NAME = "$(TARGET_NAME)";
				SUPPORTED_PLATFORMS = "iphoneos iphonesimulator";
				SUPPORTS_MACCATALYST = NO;
				SUPPORTS_MAC_DESIGNED_FOR_IPHONE_IPAD = NO;
				SWIFT_EMIT_LOC_STRINGS = YES;
				SWIFT_VERSION = 5.0;
				TARGETED_DEVICE_FAMILY = "1,2";
			};
			name = Release;
		};
/* End XCBuildConfiguration section */

/* Begin XCConfigurationList section */
		044C2C412A72889E004A6325 /* Build configuration list for PBXProject "BrightnessSetting" */ = {
			isa = XCConfigurationList;
			buildConfigurations = (
				044C2C522A7288A0004A6325 /* Debug */,
				044C2C532A7288A0004A6325 /* Release */,
			);
			defaultConfigurationIsVisible = 0;
			defaultConfigurationName = Release;
		};
		044C2C542A7288A0004A6325 /* Build configuration list for PBXNativeTarget "BrightnessSetting" */ = {
			isa = XCConfigurationList;
			buildConfigurations = (
				044C2C552A7288A0004A6325 /* Debug */,
				044C2C562A7288A0004A6325 /* Release */,
			);
			defaultConfigurationIsVisible = 0;
			defaultConfigurationName = Release;
		};
/* End XCConfigurationList section */

/* Begin XCRemoteSwiftPackageReference section */
		045ECC5A2A72E02200233115 /* XCRemoteSwiftPackageReference "Alloy" */ = {
			isa = XCRemoteSwiftPackageReference;
			repositoryURL = "https://github.com/s1ddok/Alloy";
			requirement = {
				kind = upToNextMajorVersion;
				minimumVersion = 0.18.2;
			};
		};
/* End XCRemoteSwiftPackageReference section */

/* Begin XCSwiftPackageProductDependency section */
		045ECC5B2A72E02200233115 /* Alloy */ = {
			isa = XCSwiftPackageProductDependency;
			package = 045ECC5A2A72E02200233115 /* XCRemoteSwiftPackageReference "Alloy" */;
			productName = Alloy;
		};
/* End XCSwiftPackageProductDependency section */
	};
	rootObject = 044C2C3E2A72889E004A6325 /* Project object */;
}
